dependencies:
- name: corvid-app
  repository: oci://registry.gitlab.com/georgeraven/raven-helm-charts
  version: 0.13.0
- name: postgres
  repository: oci://registry.gitlab.com/georgeraven/raven-helm-charts
  version: 0.4.0
digest: sha256:6cfecaa05b140f061768e7113e416ffd1d45abbbcf4c28a21582d45fa8da1c87
generated: "2026-09-05T00:05:10.265656387Z"
