dependencies:
- name: corvid-app
  repository: oci://registry.gitlab.com/georgeraven/raven-helm-charts
  version: 0.16.1
- name: postgres
  repository: oci://registry.gitlab.com/georgeraven/raven-helm-charts
  version: 0.2.0
digest: sha256:4dcd119f37bf72d6957730dfbede7c4ce103d5388992452dab64e380c37765b8
generated: "2025-08-09T23:38:24.195546384+01:00"
