dependencies:
- name: corvid-app
  repository: oci://registry.gitlab.com/georgeraven/raven-helm-charts
  version: 0.16.1
- name: corvid-app
  repository: oci://registry.gitlab.com/georgeraven/raven-helm-charts
  version: 0.16.1
- name: corvid-app
  repository: oci://registry.gitlab.com/georgeraven/raven-helm-charts
  version: 0.16.1
- name: corvid-app
  repository: oci://registry.gitlab.com/georgeraven/raven-helm-charts
  version: 0.16.1
- name: postgres
  repository: oci://registry.gitlab.com/georgeraven/raven-helm-charts
  version: 0.4.0
digest: sha256:d91e1344a4af295854fc9fcca6c5f6f7aaf2ad00d7d04be95193dffe344c753b
generated: "2026-09-05T00:05:03.228397507Z"
